lockfileVersion: '6.0'

settings:
  autoInstallPeers: true
  excludeLinksFromLockfile: false

dependencies:
  '@rescript/core':
    specifier: ^1.5.2
    version: registry.npmjs.org/@rescript/core@1.5.2(rescript@11.1.3)
  '@rescript/react':
    specifier: ^0.12.2
    version: registry.npmjs.org/@rescript/react@0.12.2(react-dom@18.3.1)(react@18.3.1)
  '@uidotdev/usehooks':
    specifier: ^2.4.1
    version: registry.npmjs.org/@uidotdev/usehooks@2.4.1(react-dom@18.3.1)(react@18.3.1)
  rescript:
    specifier: ^11.1.3
    version: registry.npmjs.org/rescript@11.1.3

packages:

  registry.npmjs.org/@rescript/core@1.5.2(rescript@11.1.3):
    resolution: {integrity: sha512-VWRFHrQu8hWnd9Y9LYZ8kig2urybhZlDVGy5u50bqf2WCRAeysBIfxK8eN4VlpQT38igMo0/uLX1KSpwCVMYGw==, registry: https://registry.npmjs.com/, tarball: https://registry.npmjs.org/@rescript/core/-/core-1.5.2.tgz}
    id: registry.npmjs.org/@rescript/core/1.5.2
    name: '@rescript/core'
    version: 1.5.2
    peerDependencies:
      rescript: ^11.1.0-rc.7
    dependencies:
      rescript: registry.npmjs.org/rescript@11.1.3
    dev: false

  registry.npmjs.org/@rescript/react@0.12.2(react-dom@18.3.1)(react@18.3.1):
    resolution: {integrity: sha512-EOF19dLTG4Y9K59JqMjG5yfvIsrMZqfxGC2J/oe9gGgrMiUrzZh3KH9khTcR1Z3Ih0lRViSh0/iYnJz20gGoag==, registry: https://registry.npmjs.com/, tarball: https://registry.npmjs.org/@rescript/react/-/react-0.12.2.tgz}
    id: registry.npmjs.org/@rescript/react/0.12.2
    name: '@rescript/react'
    version: 0.12.2
    peerDependencies:
      react: '>=18.0.0'
      react-dom: '>=18.0.0'
    dependencies:
      react: registry.npmjs.org/react@18.3.1
      react-dom: registry.npmjs.org/react-dom@18.3.1(react@18.3.1)
    dev: false

  registry.npmjs.org/@uidotdev/usehooks@2.4.1(react-dom@18.3.1)(react@18.3.1):
    resolution: {integrity: sha512-1I+RwWyS+kdv3Mv0Vmc+p0dPYH0DTRAo04HLyXReYBL9AeseDWUJyi4THuksBJcu9F0Pih69Ak150VDnqbVnXg==, registry: https://registry.npmjs.com/, tarball: https://registry.npmjs.org/@uidotdev/usehooks/-/usehooks-2.4.1.tgz}
    id: registry.npmjs.org/@uidotdev/usehooks/2.4.1
    name: '@uidotdev/usehooks'
    version: 2.4.1
    engines: {node: '>=16'}
    peerDependencies:
      react: '>=18.0.0'
      react-dom: '>=18.0.0'
    dependencies:
      react: registry.npmjs.org/react@18.3.1
      react-dom: registry.npmjs.org/react-dom@18.3.1(react@18.3.1)
    dev: false

  registry.npmjs.org/js-tokens@4.0.0:
    resolution: {integrity: sha512-RdJUflcE3cUzKiMqQgsCu06FPu9UdIJO0beYbPhHN4k6apgJtifcoCtT9bcxOpYBtpD2kCM6Sbzg4CausW/PKQ==, registry: https://registry.npmjs.com/, tarball: https://registry.npmjs.org/js-tokens/-/js-tokens-4.0.0.tgz}
    name: js-tokens
    version: 4.0.0
    dev: false

  registry.npmjs.org/loose-envify@1.4.0:
    resolution: {integrity: sha512-lyuxPGr/Wfhrlem2CL/UcnUc1zcqKAImBDzukY7Y5F/yQiNdko6+fRLevlw1HgMySw7f611UIY408EtxRSoK3Q==, registry: https://registry.npmjs.com/, tarball: https://registry.npmjs.org/loose-envify/-/loose-envify-1.4.0.tgz}
    name: loose-envify
    version: 1.4.0
    hasBin: true
    dependencies:
      js-tokens: registry.npmjs.org/js-tokens@4.0.0
    dev: false

  registry.npmjs.org/react-dom@18.3.1(react@18.3.1):
    resolution: {integrity: sha512-5m4nQKp+rZRb09LNH59GM4BxTh9251/ylbKIbpe7TpGxfJ+9kv6BLkLBXIjjspbgbnIBNqlI23tRnTWT0snUIw==, registry: https://registry.npmjs.com/, tarball: https://registry.npmjs.org/react-dom/-/react-dom-18.3.1.tgz}
    id: registry.npmjs.org/react-dom/18.3.1
    name: react-dom
    version: 18.3.1
    peerDependencies:
      react: ^18.3.1
    dependencies:
      loose-envify: registry.npmjs.org/loose-envify@1.4.0
      react: registry.npmjs.org/react@18.3.1
      scheduler: registry.npmjs.org/scheduler@0.23.2
    dev: false

  registry.npmjs.org/react@18.3.1:
    resolution: {integrity: sha512-wS+hAgJShR0KhEvPJArfuPVN1+Hz1t0Y6n5jLrGQbkb4urgPE/0Rve+1kMB1v/oWgHgm4WIcV+i7F2pTVj+2iQ==, registry: https://registry.npmjs.com/, tarball: https://registry.npmjs.org/react/-/react-18.3.1.tgz}
    name: react
    version: 18.3.1
    engines: {node: '>=0.10.0'}
    dependencies:
      loose-envify: registry.npmjs.org/loose-envify@1.4.0
    dev: false

  registry.npmjs.org/rescript@11.1.3:
    resolution: {integrity: sha512-bI+yxDcwsv7qE34zLuXeO8Qkc2+1ng5ErlSjnUIZdrAWKoGzHXpJ6ZxiiRBUoYnoMsgRwhqvrugIFyNgWasmsw==, registry: https://registry.npmjs.com/, tarball: https://registry.npmjs.org/rescript/-/rescript-11.1.3.tgz}
    name: rescript
    version: 11.1.3
    engines: {node: '>=10'}
    hasBin: true
    requiresBuild: true
    dev: false

  registry.npmjs.org/scheduler@0.23.2:
    resolution: {integrity: sha512-UOShsPwz7NrMUqhR6t0hWjFduvOzbtv7toDH1/hIrfRNIDBnnBWd0CwJTGvTpngVlmwGCdP9/Zl/tVrDqcuYzQ==, registry: https://registry.npmjs.com/, tarball: https://registry.npmjs.org/scheduler/-/scheduler-0.23.2.tgz}
    name: scheduler
    version: 0.23.2
    dependencies:
      loose-envify: registry.npmjs.org/loose-envify@1.4.0
    dev: false
